
Microsoft Visual Studio Solution File, Format Version 9.00
# Visual Studio 2005
Project("{8BC9CEB8-8B4A-11D0-8D11-00A0C91BC942}") = "libegl2", "libegl2.vcproj", "{05998F40-935C-4394-B6E3-24E84D363E36}"
EndProject
Global
	GlobalSection(SolutionConfigurationPlatforms) = preSolution
		Debug|Win32 = Debug|Win32
		Release|Win32 = Release|Win32
	EndGlobalSection
	GlobalSection(ProjectConfigurationPlatforms) = postSolution
		{05998F40-935C-4394-B6E3-24E84D363E36}.Debug|Win32.ActiveCfg = Debug|Win32
		{05998F40-935C-4394-B6E3-24E84D363E36}.Debug|Win32.Build.0 = Debug|Win32
		{05998F40-935C-4394-B6E3-24E84D363E36}.Release|Win32.ActiveCfg = Release|Win32
		{05998F40-935C-4394-B6E3-24E84D363E36}.Release|Win32.Build.0 = Release|Win32
	EndGlobalSection
	GlobalSection(SolutionProperties) = preSolution
		HideSolutionNode = FALSE
	EndGlobalSection
EndGlobal
