
Microsoft Visual Studio Solution File, Format Version 10.00
# Visual Studio 2008
Project("{8BC9CEB8-8B4A-11D0-8D11-00A0C91BC942}") = "alpng_win32", "alpng_win32.vcproj", "{484291BB-7C98-4676-9AAB-20E8FA7371E8}"
EndProject
Global
	GlobalSection(SolutionConfigurationPlatforms) = preSolution
		Debug|Win32 = Debug|Win32
		Release|Win32 = Release|Win32
	EndGlobalSection
	GlobalSection(ProjectConfigurationPlatforms) = postSolution
		{484291BB-7C98-4676-9AAB-20E8FA7371E8}.Debug|Win32.ActiveCfg = Debug|Win32
		{484291BB-7C98-4676-9AAB-20E8FA7371E8}.Debug|Win32.Build.0 = Debug|Win32
		{484291BB-7C98-4676-9AAB-20E8FA7371E8}.Release|Win32.ActiveCfg = Release|Win32
		{484291BB-7C98-4676-9AAB-20E8FA7371E8}.Release|Win32.Build.0 = Release|Win32
	EndGlobalSection
	GlobalSection(SolutionProperties) = preSolution
		HideSolutionNode = FALSE
	EndGlobalSection
EndGlobal
